github.com/hehaowen00/go-inspect v0.0.0-20260809075022-93450bb4092b h1:RrWEWH8Dl7ucvj3IHtmYFotB+TyEx7iS0eLGEC0RMhc=
github.com/hehaowen00/go-inspect v0.0.0-20260809075022-93450bb4092b/go.mod h1:BL/6+xUZ1RJbxYqZi8+PYqWXc5VZSkjOPaQiLW9IcBM=
github.com/hehaowen00/go-inspect v1.0.0 h1:GdH9kM++kGNCEpCfn1I5Q7zLmOaxloDFBfMPZa6YjO8=
github.com/hehaowen00/go-inspect v1.0.0/go.mod h1:BL/6+xUZ1RJbxYqZi8+PYqWXc5VZSkjOPaQiLW9IcBM=
